
Microsoft Visual Studio Solution File, Format Version 12.00
# Visual Studio 14
VisualStudioVersion = 14.0.25123.0
MinimumVisualStudioVersion = 10.0.40219.1
Project("{FAE04EC0-301F-11D3-BF4B-00C04F79EFBC}") = "ScanAPIDemo", "ScanAPIDemo.csproj", "{462208AD-D585-4DCB-A42D-F6EC06A53EF1}"
EndProject
Project("{F184B08F-C81C-45F6-A57F-5ABD9991F28F}") = "ScanAPIDemo_VB", "..\ScanAPIDemo_VB\ScanAPIDemo_VB.vbproj", "{EB11FBB0-9EB3-4377-A56B-664EAFF51D85}"
EndProject
Project("{FAE04EC0-301F-11D3-BF4B-00C04F79EFBC}") = "SampleFutronicScanDemo", "..\SampleFutronicScanDemo\SampleFutronicScanDemo.csproj", "{B0EA954D-49B1-460F-B185-6BAABDA6AB24}"
EndProject
Project("{8BC9CEB8-8B4A-11D0-8D11-00A0C91BC942}") = "ScanAPIHelper", "..\ScanAPIHelper\ScanAPIHelper.vcxproj", "{512EACFB-5216-4496-B97B-BA606AE92C61}"
EndProject
Global
	GlobalSection(SolutionConfigurationPlatforms) = preSolution
		Debug|Any CPU = Debug|Any CPU
		Debug|Win32 = Debug|Win32
		Debug|x64 = Debug|x64
		Debug|x86 = Debug|x86
		Release|Any CPU = Release|Any CPU
		Release|Win32 = Release|Win32
		Release|x64 = Release|x64
		Release|x86 = Release|x86
	EndGlobalSection
	GlobalSection(ProjectConfigurationPlatforms) = postSolution
		{462208AD-D585-4DCB-A42D-F6EC06A53EF1}.Debug|Any CPU.ActiveCfg = Debug|x86
		{462208AD-D585-4DCB-A42D-F6EC06A53EF1}.Debug|Win32.ActiveCfg = Debug|x64
		{462208AD-D585-4DCB-A42D-F6EC06A53EF1}.Debug|Win32.Build.0 = Debug|x64
		{462208AD-D585-4DCB-A42D-F6EC06A53EF1}.Debug|x64.ActiveCfg = Debug|x64
		{462208AD-D585-4DCB-A42D-F6EC06A53EF1}.Debug|x64.Build.0 = Debug|x64
		{462208AD-D585-4DCB-A42D-F6EC06A53EF1}.Debug|x86.ActiveCfg = Debug|x86
		{462208AD-D585-4DCB-A42D-F6EC06A53EF1}.Debug|x86.Build.0 = Debug|x86
		{462208AD-D585-4DCB-A42D-F6EC06A53EF1}.Release|Any CPU.ActiveCfg = Release|x86
		{462208AD-D585-4DCB-A42D-F6EC06A53EF1}.Release|Win32.ActiveCfg = Release|x64
		{462208AD-D585-4DCB-A42D-F6EC06A53EF1}.Release|x64.ActiveCfg = Release|x64
		{462208AD-D585-4DCB-A42D-F6EC06A53EF1}.Release|x64.Build.0 = Release|x64
		{462208AD-D585-4DCB-A42D-F6EC06A53EF1}.Release|x86.ActiveCfg = Release|x86
		{462208AD-D585-4DCB-A42D-F6EC06A53EF1}.Release|x86.Build.0 = Release|x86
		{EB11FBB0-9EB3-4377-A56B-664EAFF51D85}.Debug|Any CPU.ActiveCfg = Debug|x86
		{EB11FBB0-9EB3-4377-A56B-664EAFF51D85}.Debug|Win32.ActiveCfg = Debug|x64
		{EB11FBB0-9EB3-4377-A56B-664EAFF51D85}.Debug|Win32.Build.0 = Debug|x64
		{EB11FBB0-9EB3-4377-A56B-664EAFF51D85}.Debug|x64.ActiveCfg = Debug|x64
		{EB11FBB0-9EB3-4377-A56B-664EAFF51D85}.Debug|x64.Build.0 = Debug|x64
		{EB11FBB0-9EB3-4377-A56B-664EAFF51D85}.Debug|x86.ActiveCfg = Debug|x86
		{EB11FBB0-9EB3-4377-A56B-664EAFF51D85}.Debug|x86.Build.0 = Debug|x86
		{EB11FBB0-9EB3-4377-A56B-664EAFF51D85}.Release|Any CPU.ActiveCfg = Release|x86
		{EB11FBB0-9EB3-4377-A56B-664EAFF51D85}.Release|Win32.ActiveCfg = Release|x64
		{EB11FBB0-9EB3-4377-A56B-664EAFF51D85}.Release|x64.ActiveCfg = Release|x64
		{EB11FBB0-9EB3-4377-A56B-664EAFF51D85}.Release|x64.Build.0 = Release|x64
		{EB11FBB0-9EB3-4377-A56B-664EAFF51D85}.Release|x86.ActiveCfg = Release|x86
		{EB11FBB0-9EB3-4377-A56B-664EAFF51D85}.Release|x86.Build.0 = Release|x86
		{B0EA954D-49B1-460F-B185-6BAABDA6AB24}.Debug|Any CPU.ActiveCfg = Debug|Any CPU
		{B0EA954D-49B1-460F-B185-6BAABDA6AB24}.Debug|Any CPU.Build.0 = Debug|Any CPU
		{B0EA954D-49B1-460F-B185-6BAABDA6AB24}.Debug|Win32.ActiveCfg = Debug|Any CPU
		{B0EA954D-49B1-460F-B185-6BAABDA6AB24}.Debug|Win32.Build.0 = Debug|Any CPU
		{B0EA954D-49B1-460F-B185-6BAABDA6AB24}.Debug|x64.ActiveCfg = Debug|Any CPU
		{B0EA954D-49B1-460F-B185-6BAABDA6AB24}.Debug|x64.Build.0 = Debug|Any CPU
		{B0EA954D-49B1-460F-B185-6BAABDA6AB24}.Debug|x86.ActiveCfg = Debug|Any CPU
		{B0EA954D-49B1-460F-B185-6BAABDA6AB24}.Debug|x86.Build.0 = Debug|Any CPU
		{B0EA954D-49B1-460F-B185-6BAABDA6AB24}.Release|Any CPU.ActiveCfg = Release|Any CPU
		{B0EA954D-49B1-460F-B185-6BAABDA6AB24}.Release|Any CPU.Build.0 = Release|Any CPU
		{B0EA954D-49B1-460F-B185-6BAABDA6AB24}.Release|Win32.ActiveCfg = Release|Any CPU
		{B0EA954D-49B1-460F-B185-6BAABDA6AB24}.Release|Win32.Build.0 = Release|Any CPU
		{B0EA954D-49B1-460F-B185-6BAABDA6AB24}.Release|x64.ActiveCfg = Release|Any CPU
		{B0EA954D-49B1-460F-B185-6BAABDA6AB24}.Release|x64.Build.0 = Release|Any CPU
		{B0EA954D-49B1-460F-B185-6BAABDA6AB24}.Release|x86.ActiveCfg = Release|Any CPU
		{B0EA954D-49B1-460F-B185-6BAABDA6AB24}.Release|x86.Build.0 = Release|Any CPU
		{512EACFB-5216-4496-B97B-BA606AE92C61}.Debug|Any CPU.ActiveCfg = Debug|Win32
		{512EACFB-5216-4496-B97B-BA606AE92C61}.Debug|Win32.ActiveCfg = Debug|Win32
		{512EACFB-5216-4496-B97B-BA606AE92C61}.Debug|Win32.Build.0 = Debug|Win32
		{512EACFB-5216-4496-B97B-BA606AE92C61}.Debug|x64.ActiveCfg = Debug|x64
		{512EACFB-5216-4496-B97B-BA606AE92C61}.Debug|x64.Build.0 = Debug|x64
		{512EACFB-5216-4496-B97B-BA606AE92C61}.Debug|x86.ActiveCfg = Debug|Win32
		{512EACFB-5216-4496-B97B-BA606AE92C61}.Debug|x86.Build.0 = Debug|Win32
		{512EACFB-5216-4496-B97B-BA606AE92C61}.Release|Any CPU.ActiveCfg = Release|Win32
		{512EACFB-5216-4496-B97B-BA606AE92C61}.Release|Win32.ActiveCfg = Release|Win32
		{512EACFB-5216-4496-B97B-BA606AE92C61}.Release|Win32.Build.0 = Release|Win32
		{512EACFB-5216-4496-B97B-BA606AE92C61}.Release|x64.ActiveCfg = Release|x64
		{512EACFB-5216-4496-B97B-BA606AE92C61}.Release|x64.Build.0 = Release|x64
		{512EACFB-5216-4496-B97B-BA606AE92C61}.Release|x86.ActiveCfg = Release|Win32
		{512EACFB-5216-4496-B97B-BA606AE92C61}.Release|x86.Build.0 = Release|Win32
	EndGlobalSection
	GlobalSection(SolutionProperties) = preSolution
		HideSolutionNode = FALSE
	EndGlobalSection
EndGlobal
